
Microsoft Visual Studio Solution File, Format Version 12.00
# Visual Studio 15
VisualStudioVersion = 15.0.34031.82
MinimumVisualStudioVersion = 10.0.40219.1
Project("{8BC9CEB8-8B4A-11D0-8D11-00A0C91BC942}") = "8", "8\8.vcxproj", "{B90BC50B-5608-41BC-80A0-40659AA1A33C}"
EndProject
Global
	GlobalSection(SolutionConfigurationPlatforms) = preSolution
		Debug|x64 = Debug|x64
		Debug|x86 = Debug|x86
		Release|x64 = Release|x64
		Release|x86 = Release|x86
	EndGlobalSection
	GlobalSection(ProjectConfigurationPlatforms) = postSolution
		{B90BC50B-5608-41BC-80A0-40659AA1A33C}.Debug|x64.ActiveCfg = Debug|x64
		{B90BC50B-5608-41BC-80A0-40659AA1A33C}.Debug|x64.Build.0 = Debug|x64
		{B90BC50B-5608-41BC-80A0-40659AA1A33C}.Debug|x86.ActiveCfg = Debug|Win32
		{B90BC50B-5608-41BC-80A0-40659AA1A33C}.Debug|x86.Build.0 = Debug|Win32
		{B90BC50B-5608-41BC-80A0-40659AA1A33C}.Release|x64.ActiveCfg = Release|x64
		{B90BC50B-5608-41BC-80A0-40659AA1A33C}.Release|x64.Build.0 = Release|x64
		{B90BC50B-5608-41BC-80A0-40659AA1A33C}.Release|x86.ActiveCfg = Release|Win32
		{B90BC50B-5608-41BC-80A0-40659AA1A33C}.Release|x86.Build.0 = Release|Win32
	EndGlobalSection
	GlobalSection(SolutionProperties) = preSolution
		HideSolutionNode = FALSE
	EndGlobalSection
	GlobalSection(ExtensibilityGlobals) = postSolution
		SolutionGuid = {0B4ED8BB-99D7-4BFF-B5C4-BF627BA4BE40}
	EndGlobalSection
EndGlobal
